
Microsoft Visual Studio Solution File, Format Version 12.00
# Visual Studio 14
VisualStudioVersion = 14.0.25420.1
MinimumVisualStudioVersion = 10.0.40219.1
Project("{FAE04EC0-301F-11D3-BF4B-00C04F79EFBC}") = "ECMA2Yaml", "ECMA2Yaml\ECMA2Yaml.csproj", "{5BDDF3B5-4F08-4DCD-B472-F04BE1076B44}"
EndProject
Project("{FAE04EC0-301F-11D3-BF4B-00C04F79EFBC}") = "ECMAHelper", "ECMAHelper\ECMAHelper.csproj", "{B5D18314-613F-492A-9564-C9BCD1A183E6}"
EndProject
Global
	GlobalSection(SolutionConfigurationPlatforms) = preSolution
		Debug|Any CPU = Debug|Any CPU
		Release|Any CPU = Release|Any CPU
	EndGlobalSection
	GlobalSection(ProjectConfigurationPlatforms) = postSolution
		{5BDDF3B5-4F08-4DCD-B472-F04BE1076B44}.Debug|Any CPU.ActiveCfg = Debug|Any CPU
		{5BDDF3B5-4F08-4DCD-B472-F04BE1076B44}.Debug|Any CPU.Build.0 = Debug|Any CPU
		{5BDDF3B5-4F08-4DCD-B472-F04BE1076B44}.Release|Any CPU.ActiveCfg = Release|Any CPU
		{5BDDF3B5-4F08-4DCD-B472-F04BE1076B44}.Release|Any CPU.Build.0 = Release|Any CPU
		{B5D18314-613F-492A-9564-C9BCD1A183E6}.Debug|Any CPU.ActiveCfg = Debug|Any CPU
		{B5D18314-613F-492A-9564-C9BCD1A183E6}.Debug|Any CPU.Build.0 = Debug|Any CPU
		{B5D18314-613F-492A-9564-C9BCD1A183E6}.Release|Any CPU.ActiveCfg = Release|Any CPU
		{B5D18314-613F-492A-9564-C9BCD1A183E6}.Release|Any CPU.Build.0 = Release|Any CPU
	EndGlobalSection
	GlobalSection(SolutionProperties) = preSolution
		HideSolutionNode = FALSE
	EndGlobalSection
EndGlobal
