
Microsoft Visual Studio Solution File, Format Version 12.00
# Visual Studio 15
VisualStudioVersion = 15.0.27130.2010
MinimumVisualStudioVersion = 10.0.40219.1
Project("{FAE04EC0-301F-11D3-BF4B-00C04F79EFBC}") = "ECMA2Yaml", "ECMA2Yaml\ECMA2Yaml.csproj", "{5BDDF3B5-4F08-4DCD-B472-F04BE1076B44}"
EndProject
Project("{FAE04EC0-301F-11D3-BF4B-00C04F79EFBC}") = "ECMAHelper", "ECMAHelper\ECMAHelper.csproj", "{B5D18314-613F-492A-9564-C9BCD1A183E6}"
EndProject
Project("{FAE04EC0-301F-11D3-BF4B-00C04F79EFBC}") = "FixCodeSnippet", "FixCodeSnippet\FixCodeSnippet.csproj", "{D1EBF8FB-7541-4788-A88E-255D89571B74}"
EndProject
Project("{FAE04EC0-301F-11D3-BF4B-00C04F79EFBC}") = "UnitTest", "UnitTest\UnitTest.csproj", "{A12DBB3B-0AFC-4A73-B5AB-0260BDAD4073}"
EndProject
Project("{FAE04EC0-301F-11D3-BF4B-00C04F79EFBC}") = "MapFolderToJson", "MapFolderToJson\MapFolderToJson.csproj", "{AEC1E906-A2EB-4704-9A06-1A28C1FF72E7}"
EndProject
Project("{2150E333-8FDC-42A3-9474-1A3956D46DE8}") = "Solution Items", "Solution Items", "{166E6A37-1ACD-4B17-81F8-77A82C53C61D}"
	ProjectSection(SolutionItems) = preProject
		nuget.config = nuget.config
	EndProjectSection
EndProject
Project("{FAE04EC0-301F-11D3-BF4B-00C04F79EFBC}") = "UndocumentedApi", "UndocumentedApi\UndocumentedApi.csproj", "{54CB6BAA-6C04-417D-8663-D79855954BC8}"
EndProject
Global
	GlobalSection(SolutionConfigurationPlatforms) = preSolution
		Debug|Any CPU = Debug|Any CPU
		Release|Any CPU = Release|Any CPU
	EndGlobalSection
	GlobalSection(ProjectConfigurationPlatforms) = postSolution
		{5BDDF3B5-4F08-4DCD-B472-F04BE1076B44}.Debug|Any CPU.ActiveCfg = Debug|Any CPU
		{5BDDF3B5-4F08-4DCD-B472-F04BE1076B44}.Debug|Any CPU.Build.0 = Debug|Any CPU
		{5BDDF3B5-4F08-4DCD-B472-F04BE1076B44}.Release|Any CPU.ActiveCfg = Release|Any CPU
		{5BDDF3B5-4F08-4DCD-B472-F04BE1076B44}.Release|Any CPU.Build.0 = Release|Any CPU
		{B5D18314-613F-492A-9564-C9BCD1A183E6}.Debug|Any CPU.ActiveCfg = Debug|Any CPU
		{B5D18314-613F-492A-9564-C9BCD1A183E6}.Debug|Any CPU.Build.0 = Debug|Any CPU
		{B5D18314-613F-492A-9564-C9BCD1A183E6}.Release|Any CPU.ActiveCfg = Release|Any CPU
		{B5D18314-613F-492A-9564-C9BCD1A183E6}.Release|Any CPU.Build.0 = Release|Any CPU
		{D1EBF8FB-7541-4788-A88E-255D89571B74}.Debug|Any CPU.ActiveCfg = Debug|Any CPU
		{D1EBF8FB-7541-4788-A88E-255D89571B74}.Debug|Any CPU.Build.0 = Debug|Any CPU
		{D1EBF8FB-7541-4788-A88E-255D89571B74}.Release|Any CPU.ActiveCfg = Release|Any CPU
		{D1EBF8FB-7541-4788-A88E-255D89571B74}.Release|Any CPU.Build.0 = Release|Any CPU
		{A12DBB3B-0AFC-4A73-B5AB-0260BDAD4073}.Debug|Any CPU.ActiveCfg = Debug|Any CPU
		{A12DBB3B-0AFC-4A73-B5AB-0260BDAD4073}.Debug|Any CPU.Build.0 = Debug|Any CPU
		{A12DBB3B-0AFC-4A73-B5AB-0260BDAD4073}.Release|Any CPU.ActiveCfg = Release|Any CPU
		{A12DBB3B-0AFC-4A73-B5AB-0260BDAD4073}.Release|Any CPU.Build.0 = Release|Any CPU
		{AEC1E906-A2EB-4704-9A06-1A28C1FF72E7}.Debug|Any CPU.ActiveCfg = Debug|Any CPU
		{AEC1E906-A2EB-4704-9A06-1A28C1FF72E7}.Debug|Any CPU.Build.0 = Debug|Any CPU
		{AEC1E906-A2EB-4704-9A06-1A28C1FF72E7}.Release|Any CPU.ActiveCfg = Release|Any CPU
		{AEC1E906-A2EB-4704-9A06-1A28C1FF72E7}.Release|Any CPU.Build.0 = Release|Any CPU
		{54CB6BAA-6C04-417D-8663-D79855954BC8}.Debug|Any CPU.ActiveCfg = Debug|Any CPU
		{54CB6BAA-6C04-417D-8663-D79855954BC8}.Debug|Any CPU.Build.0 = Debug|Any CPU
		{54CB6BAA-6C04-417D-8663-D79855954BC8}.Release|Any CPU.ActiveCfg = Release|Any CPU
		{54CB6BAA-6C04-417D-8663-D79855954BC8}.Release|Any CPU.Build.0 = Release|Any CPU
	EndGlobalSection
	GlobalSection(SolutionProperties) = preSolution
		HideSolutionNode = FALSE
	EndGlobalSection
	GlobalSection(ExtensibilityGlobals) = postSolution
		SolutionGuid = {3E2BB286-F255-4BA3-8EEF-96FB33C04E2A}
	EndGlobalSection
EndGlobal
